{
  "name": "react-course",
  "lockfileVersion": 3,
  "requires": true,
  "packages": {
    "": {
      "dependencies": {
        "@portabletext/react": "^3.1.0"
      }
    },
    "node_modules/@portabletext/react": {
      "version": "3.1.0",
      "resolved": "https://registry.npmjs.org/@portabletext/react/-/react-3.1.0.tgz",
      "integrity": "sha512-ZGHlvS+NvId9RSqnflN8xF2KVZgAgD399dK1GaycurnGNZGZYTd5nZmc8by1yL76Ar8n/dbVtouUDJIkO4Tupw==",
      "license": "MIT",
      "dependencies": {
        "@portabletext/toolkit": "^2.0.15",
        "@portabletext/types": "^2.0.13"
      },
      "engines": {
        "node": "^14.13.1 || >=16.0.0"
      },
      "peerDependencies": {
        "react": "^17 || ^18 || >=19.0.0-rc"
      }
    },
    "node_modules/@portabletext/toolkit": {
      "version": "2.0.15",
      "resolved": "https://registry.npmjs.org/@portabletext/toolkit/-/toolkit-2.0.15.tgz",
      "integrity": "sha512-KRNEUAd6eOxE9y591qC0sE24ZG2q27OHXe0dsPclj4IoEzf8aEuDcHR64wfFtB0aHq9Wdx3pIinmhZZcl35/vg==",
      "license": "MIT",
      "dependencies": {
        "@portabletext/types": "^2.0.13"
      },
      "engines": {
        "node": "^14.13.1 || >=16.0.0"
      }
    },
    "node_modules/@portabletext/types": {
      "version": "2.0.13",
      "resolved": "https://registry.npmjs.org/@portabletext/types/-/types-2.0.13.tgz",
      "integrity": "sha512-5xk5MSyQU9CrDho3Rsguj38jhijhD36Mk8S6mZo3huv6PM+t4M/5kJN2KFIxgvt4ONpvOEs1pVIZAV0cL0Vi+Q==",
      "license": "MIT",
      "engines": {
        "node": "^14.13.1 || >=16.0.0 || >=18.0.0"
      }
    },
    "node_modules/js-tokens": {
      "version": "4.0.0",
      "resolved": "https://registry.npmjs.org/js-tokens/-/js-tokens-4.0.0.tgz",
      "integrity": "sha512-RdJUflcE3cUzKiMqQgsCu06FPu9UdIJO0beYbPhHN4k6apgJtifcoCtT9bcxOpYBtpD2kCM6Sbzg4CausW/PKQ==",
      "license": "MIT",
      "peer": true
    },
    "node_modules/loose-envify": {
      "version": "1.4.0",
      "resolved": "https://registry.npmjs.org/loose-envify/-/loose-envify-1.4.0.tgz",
      "integrity": "sha512-lyuxPGr/Wfhrlem2CL/UcnUc1zcqKAImBDzukY7Y5F/yQiNdko6+fRLevlw1HgMySw7f611UIY408EtxRSoK3Q==",
      "license": "MIT",
      "peer": true,
      "dependencies": {
        "js-tokens": "^3.0.0 || ^4.0.0"
      },
      "bin": {
        "loose-envify": "cli.js"
      }
    },
    "node_modules/react": {
      "version": "18.3.1",
      "resolved": "https://registry.npmjs.org/react/-/react-18.3.1.tgz",
      "integrity": "sha512-wS+hAgJShR0KhEvPJArfuPVN1+Hz1t0Y6n5jLrGQbkb4urgPE/0Rve+1kMB1v/oWgHgm4WIcV+i7F2pTVj+2iQ==",
      "license": "MIT",
      "peer": true,
      "dependencies": {
        "loose-envify": "^1.1.0"
      },
      "engines": {
        "node": ">=0.10.0"
      }
    }
  }
}
